
Microsoft Visual Studio Solution File, Format Version 12.00
# Visual Studio 14
VisualStudioVersion = 14.0.25420.1
MinimumVisualStudioVersion = 10.0.40219.1
Project("{8BC9CEB8-8B4A-11D0-8D11-00A0C91BC942}") = "MemoryTracerLib", "MemoryTracerLib.vcxproj", "{32110752-7B67-4AEA-8920-9E75B1907C2B}"
EndProject
Project("{8BC9CEB8-8B4A-11D0-8D11-00A0C91BC942}") = "MemoryTracer", "..\MemoryTracer\MemoryTracer.vcxproj", "{C0941BB0-6139-4810-A0CB-979F6EA57845}"
	ProjectSection(ProjectDependencies) = postProject
		{32110752-7B67-4AEA-8920-9E75B1907C2B} = {32110752-7B67-4AEA-8920-9E75B1907C2B}
	EndProjectSection
EndProject
Project("{8BC9CEB8-8B4A-11D0-8D11-00A0C91BC942}") = "MemoryTracerService", "..\MemoryTracerService\MemoryTracerService.vcxproj", "{B86DF90C-D790-4122-AB72-DCD89351BC2C}"
	ProjectSection(ProjectDependencies) = postProject
		{32110752-7B67-4AEA-8920-9E75B1907C2B} = {32110752-7B67-4AEA-8920-9E75B1907C2B}
	EndProjectSection
EndProject
Global
	GlobalSection(SolutionConfigurationPlatforms) = preSolution
		Debug|x64 = Debug|x64
		Debug|x86 = Debug|x86
		Release|x64 = Release|x64
		Release|x86 = Release|x86
	EndGlobalSection
	GlobalSection(ProjectConfigurationPlatforms) = postSolution
		{32110752-7B67-4AEA-8920-9E75B1907C2B}.Debug|x64.ActiveCfg = Debug|x64
		{32110752-7B67-4AEA-8920-9E75B1907C2B}.Debug|x64.Build.0 = Debug|x64
		{32110752-7B67-4AEA-8920-9E75B1907C2B}.Debug|x86.ActiveCfg = Debug|Win32
		{32110752-7B67-4AEA-8920-9E75B1907C2B}.Debug|x86.Build.0 = Debug|Win32
		{32110752-7B67-4AEA-8920-9E75B1907C2B}.Release|x64.ActiveCfg = Release|x64
		{32110752-7B67-4AEA-8920-9E75B1907C2B}.Release|x64.Build.0 = Release|x64
		{32110752-7B67-4AEA-8920-9E75B1907C2B}.Release|x86.ActiveCfg = Release|Win32
		{32110752-7B67-4AEA-8920-9E75B1907C2B}.Release|x86.Build.0 = Release|Win32
		{C0941BB0-6139-4810-A0CB-979F6EA57845}.Debug|x64.ActiveCfg = Debug|x64
		{C0941BB0-6139-4810-A0CB-979F6EA57845}.Debug|x64.Build.0 = Debug|x64
		{C0941BB0-6139-4810-A0CB-979F6EA57845}.Debug|x86.ActiveCfg = Debug|Win32
		{C0941BB0-6139-4810-A0CB-979F6EA57845}.Debug|x86.Build.0 = Debug|Win32
		{C0941BB0-6139-4810-A0CB-979F6EA57845}.Release|x64.ActiveCfg = Release|x64
		{C0941BB0-6139-4810-A0CB-979F6EA57845}.Release|x64.Build.0 = Release|x64
		{C0941BB0-6139-4810-A0CB-979F6EA57845}.Release|x86.ActiveCfg = Release|Win32
		{C0941BB0-6139-4810-A0CB-979F6EA57845}.Release|x86.Build.0 = Release|Win32
		{B86DF90C-D790-4122-AB72-DCD89351BC2C}.Debug|x64.ActiveCfg = Debug|x64
		{B86DF90C-D790-4122-AB72-DCD89351BC2C}.Debug|x64.Build.0 = Debug|x64
		{B86DF90C-D790-4122-AB72-DCD89351BC2C}.Debug|x86.ActiveCfg = Debug|Win32
		{B86DF90C-D790-4122-AB72-DCD89351BC2C}.Debug|x86.Build.0 = Debug|Win32
		{B86DF90C-D790-4122-AB72-DCD89351BC2C}.Release|x64.ActiveCfg = Release|x64
		{B86DF90C-D790-4122-AB72-DCD89351BC2C}.Release|x64.Build.0 = Release|x64
		{B86DF90C-D790-4122-AB72-DCD89351BC2C}.Release|x86.ActiveCfg = Release|Win32
		{B86DF90C-D790-4122-AB72-DCD89351BC2C}.Release|x86.Build.0 = Release|Win32
	EndGlobalSection
	GlobalSection(SolutionProperties) = preSolution
		HideSolutionNode = FALSE
	EndGlobalSection
EndGlobal
